
Microsoft Visual Studio Solution File, Format Version 12.00
# Visual Studio 15
VisualStudioVersion = 15.0.28307.168
MinimumVisualStudioVersion = 10.0.40219.1
Project("{9A19103F-16F7-4668-BE54-9A1E7A4F7556}") = "SearchPlacesApp", "SearchPlacesApp\SearchPlacesApp.csproj", "{236CD0B1-A985-46E5-9A46-F661B10A3020}"
EndProject
Global
	GlobalSection(SolutionConfigurationPlatforms) = preSolution
		Debug|Any CPU = Debug|Any CPU
		Release|Any CPU = Release|Any CPU
	EndGlobalSection
	GlobalSection(ProjectConfigurationPlatforms) = postSolution
		{236CD0B1-A985-46E5-9A46-F661B10A3020}.Debug|Any CPU.ActiveCfg = Debug|Any CPU
		{236CD0B1-A985-46E5-9A46-F661B10A3020}.Debug|Any CPU.Build.0 = Debug|Any CPU
		{236CD0B1-A985-46E5-9A46-F661B10A3020}.Release|Any CPU.ActiveCfg = Release|Any CPU
		{236CD0B1-A985-46E5-9A46-F661B10A3020}.Release|Any CPU.Build.0 = Release|Any CPU
	EndGlobalSection
	GlobalSection(SolutionProperties) = preSolution
		HideSolutionNode = FALSE
	EndGlobalSection
	GlobalSection(ExtensibilityGlobals) = postSolution
		SolutionGuid = {59611C84-D6C1-417B-A293-2E250A00ED10}
	EndGlobalSection
EndGlobal
